{
	"name": "@dom-for-node/dom-scroll",
	"version": "1.0.2",
	"lockfileVersion": 1,
	"requires": true,
	"dependencies": {
		"@dom-for-node/tools": {
			"version": "0.0.2",
			"resolved": "https://registry.npmjs.org/@dom-for-node/tools/-/tools-0.0.2.tgz",
			"integrity": "sha512-vDq0HsJwtAjzaP9mAUE2z2SB8SMG4o2ZzEtlHbU2G5Lm266FfMjIeEGhyITF7EG+V3PlXlgiZr9CmvfuLcu4Bg=="
		}
	}
}
